// !$*UTF8*$!
{
	archiveVersion = 1;
	classes = {
	};
	objectVersion = 46;
	objects = {

/* Begin PBXBuildFile section */
		08FABE9918397931006C1671 /* Foundation.framework in Frameworks */ = {isa = PBXBuildFile; fileRef = 08FABE9818397931006C1671 /* Foundation.framework */; };
		08FABE9B18397931006C1671 /* CoreGraphics.framework in Frameworks */ = {isa = PBXBuildFile; fileRef = 08FABE9A18397931006C1671 /* CoreGraphics.framework */; };
		08FABE9D18397931006C1671 /* UIKit.framework in Frameworks */ = {isa = PBXBuildFile; fileRef = 08FABE9C18397931006C1671 /* UIKit.framework */; };
		08FABEA318397931006C1671 /* InfoPlist.strings in Resources */ = {isa = PBXBuildFile; fileRef = 08FABEA118397931006C1671 /* InfoPlist.strings */; };
		08FABEA518397931006C1671 /* main.m in Sources */ = {isa = PBXBuildFile; fileRef = 08FABEA418397931006C1671 /* main.m */; };
		08FABEA918397931006C1671 /* GRKAppDelegate.m in Sources */ = {isa = PBXBuildFile; fileRef = 08FABEA818397931006C1671 /* GRKAppDelegate.m */; };
		08FABEAC18397931006C1671 /* Main.storyboard in Resources */ = {isa = PBXBuildFile; fileRef = 08FABEAA18397931006C1671 /* Main.storyboard */; };
		08FABEAF18397931006C1671 /* GRKViewController.m in Sources */ = {isa = PBXBuildFile; fileRef = 08FABEAE18397931006C1671 /* GRKViewController.m */; };
		08FABEB118397931006C1671 /* Images.xcassets in Resources */ = {isa = PBXBuildFile; fileRef = 08FABEB018397931006C1671 /* Images.xcassets */; };
		08FABEB818397931006C1671 /* XCTest.framework in Frameworks */ = {isa = PBXBuildFile; fileRef = 08FABEB718397931006C1671 /* XCTest.framework */; };
		08FABEB918397931006C1671 /* Foundation.framework in Frameworks */ = {isa = PBXBuildFile; fileRef = 08FABE9818397931006C1671 /* Foundation.framework */; };
		08FABEBA18397931006C1671 /* UIKit.framework in Frameworks */ = {isa = PBXBuildFile; fileRef = 08FABE9C18397931006C1671 /* UIKit.framework */; };
		08FABEC218397931006C1671 /* InfoPlist.strings in Resources */ = {isa = PBXBuildFile; fileRef = 08FABEC018397931006C1671 /* InfoPlist.strings */; };
		08FABEC418397931006C1671 /* GRKAlertBlocksTestAppTests.m in Sources */ = {isa = PBXBuildFile; fileRef = 08FABEC318397931006C1671 /* GRKAlertBlocksTestAppTests.m */; };
		08FABECF18397963006C1671 /* UIAlertView+GRKAlertBlocks.m in Sources */ = {isa = PBXBuildFile; fileRef = 08FABECE18397963006C1671 /* UIAlertView+GRKAlertBlocks.m */; };
/* End PBXBuildFile section */

/* Begin PBXContainerItemProxy section */
		08FABEBB18397931006C1671 /* PBXContainerItemProxy */ = {
			isa = PBXContainerItemProxy;
			containerPortal = 08FABE8D18397931006C1671 /* Project object */;
			proxyType = 1;
			remoteGlobalIDString = 08FABE9418397931006C1671;
			remoteInfo = GRKAlertBlocksTestApp;
		};
/* End PBXContainerItemProxy section */

/* Begin PBXFileReference section */
		08FABE9518397931006C1671 /* GRKAlertBlocksTestApp.app */ = {isa = PBXFileReference; explicitFileType = wrapper.application; includeInIndex = 0; path = GRKAlertBlocksTestApp.app; sourceTree = BUILT_PRODUCTS_DIR; };
		08FABE9818397931006C1671 /* Foundation.framework */ = {isa = PBXFileReference; lastKnownFileType = wrapper.framework; name = Foundation.framework; path = System/Library/Frameworks/Foundation.framework; sourceTree = SDKROOT; };
		08FABE9A18397931006C1671 /* CoreGraphics.framework */ = {isa = PBXFileReference; lastKnownFileType = wrapper.framework; name = CoreGraphics.framework; path = System/Library/Frameworks/CoreGraphics.framework; sourceTree = SDKROOT; };
		08FABE9C18397931006C1671 /* UIKit.framework */ = {isa = PBXFileReference; lastKnownFileType = wrapper.framework; name = UIKit.framework; path = System/Library/Frameworks/UIKit.framework; sourceTree = SDKROOT; };
		08FABEA018397931006C1671 /* GRKAlertBlocksTestApp-Info.plist */ = {isa = PBXFileReference; lastKnownFileType = text.plist.xml; path = "GRKAlertBlocksTestApp-Info.plist"; sourceTree = "<group>"; };
		08FABEA218397931006C1671 /* en */ = {isa = PBXFileReference; lastKnownFileType = text.plist.strings; name = en; path = en.lproj/InfoPlist.strings; sourceTree = "<group>"; };
		08FABEA418397931006C1671 /* main.m */ = {isa = PBXFileReference; lastKnownFileType = sourcecode.c.objc; path = main.m; sourceTree = "<group>"; };
		08FABEA618397931006C1671 /* GRKAlertBlocksTestApp-Prefix.pch */ = {isa = PBXFileReference; lastKnownFileType = sourcecode.c.h; path = "GRKAlertBlocksTestApp-Prefix.pch"; sourceTree = "<group>"; };
		08FABEA718397931006C1671 /* GRKAppDelegate.h */ = {isa = PBXFileReference; lastKnownFileType = sourcecode.c.h; path = GRKAppDelegate.h; sourceTree = "<group>"; };
		08FABEA818397931006C1671 /* GRKAppDelegate.m */ = {isa = PBXFileReference; lastKnownFileType = sourcecode.c.objc; path = GRKAppDelegate.m; sourceTree = "<group>"; };
		08FABEAB18397931006C1671 /* Base */ = {isa = PBXFileReference; lastKnownFileType = file.storyboard; name = Base; path = Base.lproj/Main.storyboard; sourceTree = "<group>"; };
		08FABEAD18397931006C1671 /* GRKViewController.h */ = {isa = PBXFileReference; lastKnownFileType = sourcecode.c.h; path = GRKViewController.h; sourceTree = "<group>"; };
		08FABEAE18397931006C1671 /* GRKViewController.m */ = {isa = PBXFileReference; lastKnownFileType = sourcecode.c.objc; path = GRKViewController.m; sourceTree = "<group>"; };
		08FABEB018397931006C1671 /* Images.xcassets */ = {isa = PBXFileReference; lastKnownFileType = folder.assetcatalog; path = Images.xcassets; sourceTree = "<group>"; };
		08FABEB618397931006C1671 /* GRKAlertBlocksTestAppTests.xctest */ = {isa = PBXFileReference; explicitFileType = wrapper.cfbundle; includeInIndex = 0; path = GRKAlertBlocksTestAppTests.xctest; sourceTree = BUILT_PRODUCTS_DIR; };
		08FABEB718397931006C1671 /* XCTest.framework */ = {isa = PBXFileReference; lastKnownFileType = wrapper.framework; name = XCTest.framework; path = Library/Frameworks/XCTest.framework; sourceTree = DEVELOPER_DIR; };
		08FABEBF18397931006C1671 /* GRKAlertBlocksTestAppTests-Info.plist */ = {isa = PBXFileReference; lastKnownFileType = text.plist.xml; path = "GRKAlertBlocksTestAppTests-Info.plist"; sourceTree = "<group>"; };
		08FABEC118397931006C1671 /* en */ = {isa = PBXFileReference; lastKnownFileType = text.plist.strings; name = en; path = en.lproj/InfoPlist.strings; sourceTree = "<group>"; };
		08FABEC318397931006C1671 /* GRKAlertBlocksTestAppTests.m */ = {isa = PBXFileReference; lastKnownFileType = sourcecode.c.objc; path = GRKAlertBlocksTestAppTests.m; sourceTree = "<group>"; };
		08FABECD18397963006C1671 /* UIAlertView+GRKAlertBlocks.h */ = {isa = PBXFileReference; fileEncoding = 4; lastKnownFileType = sourcecode.c.h; name = "UIAlertView+GRKAlertBlocks.h"; path = "../GRKAlertBlocks/UIAlertView+GRKAlertBlocks.h"; sourceTree = "<group>"; };
		08FABECE18397963006C1671 /* UIAlertView+GRKAlertBlocks.m */ = {isa = PBXFileReference; fileEncoding = 4; lastKnownFileType = sourcecode.c.objc; name = "UIAlertView+GRKAlertBlocks.m"; path = "../GRKAlertBlocks/UIAlertView+GRKAlertBlocks.m"; sourceTree = "<group>"; };
/* End PBXFileReference section */

/* Begin PBXFrameworksBuildPhase section */
		08FABE9218397931006C1671 /* Frameworks */ = {
			isa = PBXFrameworksBuildPhase;
			buildActionMask = 2147483647;
			files = (
				08FABE9B18397931006C1671 /* CoreGraphics.framework in Frameworks */,
				08FABE9D18397931006C1671 /* UIKit.framework in Frameworks */,
				08FABE9918397931006C1671 /* Foundation.framework in Frameworks */,
			);
			runOnlyForDeploymentPostprocessing = 0;
		};
		08FABEB318397931006C1671 /* Frameworks */ = {
			isa = PBXFrameworksBuildPhase;
			buildActionMask = 2147483647;
			files = (
				08FABEB818397931006C1671 /* XCTest.framework in Frameworks */,
				08FABEBA18397931006C1671 /* UIKit.framework in Frameworks */,
				08FABEB918397931006C1671 /* Foundation.framework in Frameworks */,
			);
			runOnlyForDeploymentPostprocessing = 0;
		};
/* End PBXFrameworksBuildPhase section */

/* Begin PBXGroup section */
		08FABE8C18397931006C1671 = {
			isa = PBXGroup;
			children = (
				08FABECD18397963006C1671 /* UIAlertView+GRKAlertBlocks.h */,
				08FABECE18397963006C1671 /* UIAlertView+GRKAlertBlocks.m */,
				08FABE9E18397931006C1671 /* GRKAlertBlocksTestApp */,
				08FABEBD18397931006C1671 /* GRKAlertBlocksTestAppTests */,
				08FABE9718397931006C1671 /* Frameworks */,
				08FABE9618397931006C1671 /* Products */,
			);
			sourceTree = "<group>";
		};
		08FABE9618397931006C1671 /* Products */ = {
			isa = PBXGroup;
			children = (
				08FABE9518397931006C1671 /* GRKAlertBlocksTestApp.app */,
				08FABEB618397931006C1671 /* GRKAlertBlocksTestAppTests.xctest */,
			);
			name = Products;
			sourceTree = "<group>";
		};
		08FABE9718397931006C1671 /* Frameworks */ = {
			isa = PBXGroup;
			children = (
				08FABE9818397931006C1671 /* Foundation.framework */,
				08FABE9A18397931006C1671 /* CoreGraphics.framework */,
				08FABE9C18397931006C1671 /* UIKit.framework */,
				08FABEB718397931006C1671 /* XCTest.framework */,
			);
			name = Frameworks;
			sourceTree = "<group>";
		};
		08FABE9E18397931006C1671 /* GRKAlertBlocksTestApp */ = {
			isa = PBXGroup;
			children = (
				08FABEA718397931006C1671 /* GRKAppDelegate.h */,
				08FABEA818397931006C1671 /* GRKAppDelegate.m */,
				08FABEAA18397931006C1671 /* Main.storyboard */,
				08FABEAD18397931006C1671 /* GRKViewController.h */,
				08FABEAE18397931006C1671 /* GRKViewController.m */,
				08FABEB018397931006C1671 /* Images.xcassets */,
				08FABE9F18397931006C1671 /* Supporting Files */,
			);
			path = GRKAlertBlocksTestApp;
			sourceTree = "<group>";
		};
		08FABE9F18397931006C1671 /* Supporting Files */ = {
			isa = PBXGroup;
			children = (
				08FABEA018397931006C1671 /* GRKAlertBlocksTestApp-Info.plist */,
				08FABEA118397931006C1671 /* InfoPlist.strings */,
				08FABEA418397931006C1671 /* main.m */,
				08FABEA618397931006C1671 /* GRKAlertBlocksTestApp-Prefix.pch */,
			);
			name = "Supporting Files";
			sourceTree = "<group>";
		};
		08FABEBD18397931006C1671 /* GRKAlertBlocksTestAppTests */ = {
			isa = PBXGroup;
			children = (
				08FABEC318397931006C1671 /* GRKAlertBlocksTestAppTests.m */,
				08FABEBE18397931006C1671 /* Supporting Files */,
			);
			path = GRKAlertBlocksTestAppTests;
			sourceTree = "<group>";
		};
		08FABEBE18397931006C1671 /* Supporting Files */ = {
			isa = PBXGroup;
			children = (
				08FABEBF18397931006C1671 /* GRKAlertBlocksTestAppTests-Info.plist */,
				08FABEC018397931006C1671 /* InfoPlist.strings */,
			);
			name = "Supporting Files";
			sourceTree = "<group>";
		};
/* End PBXGroup section */

/* Begin PBXNativeTarget section */
		08FABE9418397931006C1671 /* GRKAlertBlocksTestApp */ = {
			isa = PBXNativeTarget;
			buildConfigurationList = 08FABEC718397931006C1671 /* Build configuration list for PBXNativeTarget "GRKAlertBlocksTestApp" */;
			buildPhases = (
				08FABE9118397931006C1671 /* Sources */,
				08FABE9218397931006C1671 /* Frameworks */,
				08FABE9318397931006C1671 /* Resources */,
			);
			buildRules = (
			);
			dependencies = (
			);
			name = GRKAlertBlocksTestApp;
			productName = GRKAlertBlocksTestApp;
			productReference = 08FABE9518397931006C1671 /* GRKAlertBlocksTestApp.app */;
			productType = "com.apple.product-type.application";
		};
		08FABEB518397931006C1671 /* GRKAlertBlocksTestAppTests */ = {
			isa = PBXNativeTarget;
			buildConfigurationList = 08FABECA18397931006C1671 /* Build configuration list for PBXNativeTarget "GRKAlertBlocksTestAppTests" */;
			buildPhases = (
				08FABEB218397931006C1671 /* Sources */,
				08FABEB318397931006C1671 /* Frameworks */,
				08FABEB418397931006C1671 /* Resources */,
			);
			buildRules = (
			);
			dependencies = (
				08FABEBC18397931006C1671 /* PBXTargetDependency */,
			);
			name = GRKAlertBlocksTestAppTests;
			productName = GRKAlertBlocksTestAppTests;
			productReference = 08FABEB618397931006C1671 /* GRKAlertBlocksTestAppTests.xctest */;
			productType = "com.apple.product-type.bundle.unit-test";
		};
/* End PBXNativeTarget section */

/* Begin PBXProject section */
		08FABE8D18397931006C1671 /* Project object */ = {
			isa = PBXProject;
			attributes = {
				CLASSPREFIX = GRK;
				LastUpgradeCheck = 0500;
				ORGANIZATIONNAME = "Levi Brown";
				TargetAttributes = {
					08FABEB518397931006C1671 = {
						TestTargetID = 08FABE9418397931006C1671;
					};
				};
			};
			buildConfigurationList = 08FABE9018397931006C1671 /* Build configuration list for PBXProject "GRKAlertBlocksTestApp" */;
			compatibilityVersion = "Xcode 3.2";
			developmentRegion = English;
			hasScannedForEncodings = 0;
			knownRegions = (
				en,
				Base,
			);
			mainGroup = 08FABE8C18397931006C1671;
			productRefGroup = 08FABE9618397931006C1671 /* Products */;
			projectDirPath = "";
			projectRoot = "";
			targets = (
				08FABE9418397931006C1671 /* GRKAlertBlocksTestApp */,
				08FABEB518397931006C1671 /* GRKAlertBlocksTestAppTests */,
			);
		};
/* End PBXProject section */

/* Begin PBXResourcesBuildPhase section */
		08FABE9318397931006C1671 /* Resources */ = {
			isa = PBXResourcesBuildPhase;
			buildActionMask = 2147483647;
			files = (
				08FABEB118397931006C1671 /* Images.xcassets in Resources */,
				08FABEA318397931006C1671 /* InfoPlist.strings in Resources */,
				08FABEAC18397931006C1671 /* Main.storyboard in Resources */,
			);
			runOnlyForDeploymentPostprocessing = 0;
		};
		08FABEB418397931006C1671 /* Resources */ = {
			isa = PBXResourcesBuildPhase;
			buildActionMask = 2147483647;
			files = (
				08FABEC218397931006C1671 /* InfoPlist.strings in Resources */,
			);
			runOnlyForDeploymentPostprocessing = 0;
		};
/* End PBXResourcesBuildPhase section */

/* Begin PBXSourcesBuildPhase section */
		08FABE9118397931006C1671 /* Sources */ = {
			isa = PBXSourcesBuildPhase;
			buildActionMask = 2147483647;
			files = (
				08FABEAF18397931006C1671 /* GRKViewController.m in Sources */,
				08FABECF18397963006C1671 /* UIAlertView+GRKAlertBlocks.m in Sources */,
				08FABEA518397931006C1671 /* main.m in Sources */,
				08FABEA918397931006C1671 /* GRKAppDelegate.m in Sources */,
			);
			runOnlyForDeploymentPostprocessing = 0;
		};
		08FABEB218397931006C1671 /* Sources */ = {
			isa = PBXSourcesBuildPhase;
			buildActionMask = 2147483647;
			files = (
				08FABEC418397931006C1671 /* GRKAlertBlocksTestAppTests.m in Sources */,
			);
			runOnlyForDeploymentPostprocessing = 0;
		};
/* End PBXSourcesBuildPhase section */

/* Begin PBXTargetDependency section */
		08FABEBC18397931006C1671 /* PBXTargetDependency */ = {
			isa = PBXTargetDependency;
			target = 08FABE9418397931006C1671 /* GRKAlertBlocksTestApp */;
			targetProxy = 08FABEBB18397931006C1671 /* PBXContainerItemProxy */;
		};
/* End PBXTargetDependency section */

/* Begin PBXVariantGroup section */
		08FABEA118397931006C1671 /* InfoPlist.strings */ = {
			isa = PBXVariantGroup;
			children = (
				08FABEA218397931006C1671 /* en */,
			);
			name = InfoPlist.strings;
			sourceTree = "<group>";
		};
		08FABEAA18397931006C1671 /* Main.storyboard */ = {
			isa = PBXVariantGroup;
			children = (
				08FABEAB18397931006C1671 /* Base */,
			);
			name = Main.storyboard;
			sourceTree = "<group>";
		};
		08FABEC018397931006C1671 /* InfoPlist.strings */ = {
			isa = PBXVariantGroup;
			children = (
				08FABEC118397931006C1671 /* en */,
			);
			name = InfoPlist.strings;
			sourceTree = "<group>";
		};
/* End PBXVariantGroup section */

/* Begin XCBuildConfiguration section */
		08FABEC518397931006C1671 /* Debug */ = {
			isa = XCBuildConfiguration;
			buildSettings = {
				ALWAYS_SEARCH_USER_PATHS = NO;
				ARCHS = "$(ARCHS_STANDARD_INCLUDING_64_BIT)";
				CLANG_CXX_LANGUAGE_STANDARD = "gnu++0x";
				CLANG_CXX_LIBRARY = "libc++";
				CLANG_ENABLE_MODULES = YES;
				CLANG_ENABLE_OBJC_ARC = YES;
				CLANG_WARN_BOOL_CONVERSION = YES;
				CLANG_WARN_CONSTANT_CONVERSION = YES;
				CLANG_WARN_DIRECT_OBJC_ISA_USAGE = YES_ERROR;
				CLANG_WARN_EMPTY_BODY = YES;
				CLANG_WARN_ENUM_CONVERSION = YES;
				CLANG_WARN_INT_CONVERSION = YES;
				CLANG_WARN_OBJC_ROOT_CLASS = YES_ERROR;
				CLANG_WARN__DUPLICATE_METHOD_MATCH = YES;
				"CODE_SIGN_IDENTITY[sdk=iphoneos*]" = "iPhone Developer";
				COPY_PHASE_STRIP = NO;
				GCC_C_LANGUAGE_STANDARD = gnu99;
				GCC_DYNAMIC_NO_PIC = NO;
				GCC_OPTIMIZATION_LEVEL = 0;
				GCC_PREPROCESSOR_DEFINITIONS = (
					"DEBUG=1",
					"$(inherited)",
				);
				GCC_SYMBOLS_PRIVATE_EXTERN = NO;
				GCC_WARN_64_TO_32_BIT_CONVERSION = YES;
				GCC_WARN_ABOUT_RETURN_TYPE = YES_ERROR;
				GCC_WARN_UNDECLARED_SELECTOR = YES;
				GCC_WARN_UNINITIALIZED_AUTOS = YES;
				GCC_WARN_UNUSED_FUNCTION = YES;
				GCC_WARN_UNUSED_VARIABLE = YES;
				IPHONEOS_DEPLOYMENT_TARGET = 7.0;
				ONLY_ACTIVE_ARCH = YES;
				SDKROOT = iphoneos;
			};
			name = Debug;
		};
		08FABEC618397931006C1671 /* Release */ = {
			isa = XCBuildConfiguration;
			buildSettings = {
				ALWAYS_SEARCH_USER_PATHS = NO;
				ARCHS = "$(ARCHS_STANDARD_INCLUDING_64_BIT)";
				CLANG_CXX_LANGUAGE_STANDARD = "gnu++0x";
				CLANG_CXX_LIBRARY = "libc++";
				CLANG_ENABLE_MODULES = YES;
				CLANG_ENABLE_OBJC_ARC = YES;
				CLANG_WARN_BOOL_CONVERSION = YES;
				CLANG_WARN_CONSTANT_CONVERSION = YES;
				CLANG_WARN_DIRECT_OBJC_ISA_USAGE = YES_ERROR;
				CLANG_WARN_EMPTY_BODY = YES;
				CLANG_WARN_ENUM_CONVERSION = YES;
				CLANG_WARN_INT_CONVERSION = YES;
				CLANG_WARN_OBJC_ROOT_CLASS = YES_ERROR;
				CLANG_WARN__DUPLICATE_METHOD_MATCH = YES;
				"CODE_SIGN_IDENTITY[sdk=iphoneos*]" = "iPhone Developer";
				COPY_PHASE_STRIP = YES;
				ENABLE_NS_ASSERTIONS = NO;
				GCC_C_LANGUAGE_STANDARD = gnu99;
				GCC_WARN_64_TO_32_BIT_CONVERSION = YES;
				GCC_WARN_ABOUT_RETURN_TYPE = YES_ERROR;
				GCC_WARN_UNDECLARED_SELECTOR = YES;
				GCC_WARN_UNINITIALIZED_AUTOS = YES;
				GCC_WARN_UNUSED_FUNCTION = YES;
				GCC_WARN_UNUSED_VARIABLE = YES;
				IPHONEOS_DEPLOYMENT_TARGET = 7.0;
				SDKROOT = iphoneos;
				VALIDATE_PRODUCT = YES;
			};
			name = Release;
		};
		08FABEC818397931006C1671 /* Debug */ = {
			isa = XCBuildConfiguration;
			buildSettings = {
				ASSETCATALOG_COMPILER_APPICON_NAME = AppIcon;
				ASSETCATALOG_COMPILER_LAUNCHIMAGE_NAME = LaunchImage;
				GCC_PRECOMPILE_PREFIX_HEADER = YES;
				GCC_PREFIX_HEADER = "GRKAlertBlocksTestApp/GRKAlertBlocksTestApp-Prefix.pch";
				INFOPLIST_FILE = "GRKAlertBlocksTestApp/GRKAlertBlocksTestApp-Info.plist";
				PRODUCT_NAME = "$(TARGET_NAME)";
				WRAPPER_EXTENSION = app;
			};
			name = Debug;
		};
		08FABEC918397931006C1671 /* Release */ = {
			isa = XCBuildConfiguration;
			buildSettings = {
				ASSETCATALOG_COMPILER_APPICON_NAME = AppIcon;
				ASSETCATALOG_COMPILER_LAUNCHIMAGE_NAME = LaunchImage;
				GCC_PRECOMPILE_PREFIX_HEADER = YES;
				GCC_PREFIX_HEADER = "GRKAlertBlocksTestApp/GRKAlertBlocksTestApp-Prefix.pch";
				INFOPLIST_FILE = "GRKAlertBlocksTestApp/GRKAlertBlocksTestApp-Info.plist";
				PRODUCT_NAME = "$(TARGET_NAME)";
				WRAPPER_EXTENSION = app;
			};
			name = Release;
		};
		08FABECB18397931006C1671 /* Debug */ = {
			isa = XCBuildConfiguration;
			buildSettings = {
				ARCHS = "$(ARCHS_STANDARD_INCLUDING_64_BIT)";
				BUNDLE_LOADER = "$(BUILT_PRODUCTS_DIR)/GRKAlertBlocksTestApp.app/GRKAlertBlocksTestApp";
				FRAMEWORK_SEARCH_PATHS = (
					"$(SDKROOT)/Developer/Library/Frameworks",
					"$(inherited)",
					"$(DEVELOPER_FRAMEWORKS_DIR)",
				);
				GCC_PRECOMPILE_PREFIX_HEADER = YES;
				GCC_PREFIX_HEADER = "GRKAlertBlocksTestApp/GRKAlertBlocksTestApp-Prefix.pch";
				GCC_PREPROCESSOR_DEFINITIONS = (
					"DEBUG=1",
					"$(inherited)",
				);
				INFOPLIST_FILE = "GRKAlertBlocksTestAppTests/GRKAlertBlocksTestAppTests-Info.plist";
				PRODUCT_NAME = "$(TARGET_NAME)";
				TEST_HOST = "$(BUNDLE_LOADER)";
				WRAPPER_EXTENSION = xctest;
			};
			name = Debug;
		};
		08FABECC18397931006C1671 /* Release */ = {
			isa = XCBuildConfiguration;
			buildSettings = {
				ARCHS = "$(ARCHS_STANDARD_INCLUDING_64_BIT)";
				BUNDLE_LOADER = "$(BUILT_PRODUCTS_DIR)/GRKAlertBlocksTestApp.app/GRKAlertBlocksTestApp";
				FRAMEWORK_SEARCH_PATHS = (
					"$(SDKROOT)/Developer/Library/Frameworks",
					"$(inherited)",
					"$(DEVELOPER_FRAMEWORKS_DIR)",
				);
				GCC_PRECOMPILE_PREFIX_HEADER = YES;
				GCC_PREFIX_HEADER = "GRKAlertBlocksTestApp/GRKAlertBlocksTestApp-Prefix.pch";
				INFOPLIST_FILE = "GRKAlertBlocksTestAppTests/GRKAlertBlocksTestAppTests-Info.plist";
				PRODUCT_NAME = "$(TARGET_NAME)";
				TEST_HOST = "$(BUNDLE_LOADER)";
				WRAPPER_EXTENSION = xctest;
			};
			name = Release;
		};
/* End XCBuildConfiguration section */

/* Begin XCConfigurationList section */
		08FABE9018397931006C1671 /* Build configuration list for PBXProject "GRKAlertBlocksTestApp" */ = {
			isa = XCConfigurationList;
			buildConfigurations = (
				08FABEC518397931006C1671 /* Debug */,
				08FABEC618397931006C1671 /* Release */,
			);
			defaultConfigurationIsVisible = 0;
			defaultConfigurationName = Release;
		};
		08FABEC718397931006C1671 /* Build configuration list for PBXNativeTarget "GRKAlertBlocksTestApp" */ = {
			isa = XCConfigurationList;
			buildConfigurations = (
				08FABEC818397931006C1671 /* Debug */,
				08FABEC918397931006C1671 /* Release */,
			);
			defaultConfigurationIsVisible = 0;
		};
		08FABECA18397931006C1671 /* Build configuration list for PBXNativeTarget "GRKAlertBlocksTestAppTests" */ = {
			isa = XCConfigurationList;
			buildConfigurations = (
				08FABECB18397931006C1671 /* Debug */,
				08FABECC18397931006C1671 /* Release */,
			);
			defaultConfigurationIsVisible = 0;
		};
/* End XCConfigurationList section */
	};
	rootObject = 08FABE8D18397931006C1671 /* Project object */;
}
